
Microsoft Visual Studio Solution File, Format Version 12.00
# Visual Studio Version 17
VisualStudioVersion = 17.4.33110.190
MinimumVisualStudioVersion = 10.0.40219.1
Project("{FAE04EC0-301F-11D3-BF4B-00C04F79EFBC}") = "NET6AspNetCoreMvc_v2", "NET6AspNetCoreMvc_v2\NET6AspNetCoreMvc_v2.csproj", "{5FC65DC4-609A-4155-905B-46FEDC4F8770}"
EndProject
Global
	GlobalSection(SolutionConfigurationPlatforms) = preSolution
		Debug|Any CPU = Debug|Any CPU
		Release|Any CPU = Release|Any CPU
	EndGlobalSection
	GlobalSection(ProjectConfigurationPlatforms) = postSolution
		{5FC65DC4-609A-4155-905B-46FEDC4F8770}.Debug|Any CPU.ActiveCfg = Debug|Any CPU
		{5FC65DC4-609A-4155-905B-46FEDC4F8770}.Debug|Any CPU.Build.0 = Debug|Any CPU
		{5FC65DC4-609A-4155-905B-46FEDC4F8770}.Release|Any CPU.ActiveCfg = Release|Any CPU
		{5FC65DC4-609A-4155-905B-46FEDC4F8770}.Release|Any CPU.Build.0 = Release|Any CPU
	EndGlobalSection
	GlobalSection(SolutionProperties) = preSolution
		HideSolutionNode = FALSE
	EndGlobalSection
	GlobalSection(ExtensibilityGlobals) = postSolution
		SolutionGuid = {5BA4020A-80D0-4002-8FA0-718534DDF5B4}
	EndGlobalSection
EndGlobal
